
Microsoft Visual Studio Solution File, Format Version 12.00
# Visual Studio Version 17
VisualStudioVersion = 17.3.32929.385
MinimumVisualStudioVersion = 10.0.40219.1
Project("{FAE04EC0-301F-11D3-BF4B-00C04F79EFBC}") = "RSVP", "RSVP\RSVP.csproj", "{3506BEB3-0B58-4320-95A0-B7857FB7511D}"
EndProject
Global
	GlobalSection(SolutionConfigurationPlatforms) = preSolution
		Debug|Any CPU = Debug|Any CPU
		Release|Any CPU = Release|Any CPU
	EndGlobalSection
	GlobalSection(ProjectConfigurationPlatforms) = postSolution
		{3506BEB3-0B58-4320-95A0-B7857FB7511D}.Debug|Any CPU.ActiveCfg = Debug|Any CPU
		{3506BEB3-0B58-4320-95A0-B7857FB7511D}.Debug|Any CPU.Build.0 = Debug|Any CPU
		{3506BEB3-0B58-4320-95A0-B7857FB7511D}.Release|Any CPU.ActiveCfg = Release|Any CPU
		{3506BEB3-0B58-4320-95A0-B7857FB7511D}.Release|Any CPU.Build.0 = Release|Any CPU
	EndGlobalSection
	GlobalSection(SolutionProperties) = preSolution
		HideSolutionNode = FALSE
	EndGlobalSection
	GlobalSection(ExtensibilityGlobals) = postSolution
		SolutionGuid = {69A218D2-923B-4D45-A019-9B9B6012B79A}
	EndGlobalSection
EndGlobal
